
Microsoft Visual Studio Solution File, Format Version 12.00
# Visual Studio Version 16
VisualStudioVersion = 16.6.30114.105
MinimumVisualStudioVersion = 10.0.40219.1
Project("{2150E333-8FDC-42A3-9474-1A3956D46DE8}") = "0 - Solution Items", "0 - Solution Items", "{D843B0A6-3D5F-4075-9442-BF9CCAF12592}"
	ProjectSection(SolutionItems) = preProject
		.gitignore = .gitignore
	EndProjectSection
EndProject
Project("{9A19103F-16F7-4668-BE54-9A1E7A4F7556}") = "Template.Project.Driving.Api", "src\Template.Project.Driving.Api\Template.Project.Driving.Api.csproj", "{97D63636-70FB-4C43-90B3-FA13B408BF99}"
EndProject
Project("{9A19103F-16F7-4668-BE54-9A1E7A4F7556}") = "Template.Project.Core.Domain", "src\Template.Project.Core.Domain\Template.Project.Core.Domain.csproj", "{BC1D1F0E-7ABB-417F-8E9F-9F8FE9BC54A6}"
EndProject
Project("{9A19103F-16F7-4668-BE54-9A1E7A4F7556}") = "Template.Project.Driven.Infra", "src\Template.Project.Driven.Infra\Template.Project.Driven.Infra.csproj", "{EEF2A878-A2C1-4651-BFA4-0DD62FA688CC}"
EndProject
Project("{9A19103F-16F7-4668-BE54-9A1E7A4F7556}") = "Template.Project.Driven.Infra.Data", "src\Template.Project.Driven.Infra.Data\Template.Project.Driven.Infra.Data.csproj", "{7F156233-A5FF-44EC-941E-61D47218D1D9}"
EndProject
Project("{9A19103F-16F7-4668-BE54-9A1E7A4F7556}") = "Template.Project.Core.Application", "src\Template.Project.Core.Application\Template.Project.Core.Application.csproj", "{5E79E3EE-114F-42EE-8D3B-9BAA46497AB9}"
EndProject
Project("{2150E333-8FDC-42A3-9474-1A3956D46DE8}") = "Tests", "Tests", "{F41EA163-AA3C-4C6C-AB32-4F4897E49315}"
EndProject
Project("{FAE04EC0-301F-11D3-BF4B-00C04F79EFBC}") = "Template.Project.Test.Unit", "tests\Template.Project.Test.Unit\Template.Project.Test.Unit.csproj", "{423103E1-0B8A-4C46-BDE0-5058E349D55C}"
EndProject
Project("{FAE04EC0-301F-11D3-BF4B-00C04F79EFBC}") = "Template.Project.Test.Integration", "tests\Template.Project.Test.Integration\Template.Project.Test.Integration.csproj", "{CF8AC0D1-92FF-4316-AAAF-28650B421423}"
EndProject
Project("{2150E333-8FDC-42A3-9474-1A3956D46DE8}") = "Core", "Core", "{70719BB9-CADB-4D5E-8ED6-6573AEC4283B}"
EndProject
Project("{2150E333-8FDC-42A3-9474-1A3956D46DE8}") = "Adapters", "Adapters", "{590A7241-A329-4C37-A4F2-1CE0A0C9A033}"
EndProject
Project("{FAE04EC0-301F-11D3-BF4B-00C04F79EFBC}") = "Template.Project.Driving.WebApi", "src\Template.Project.Driving.WebApi\Template.Project.Driving.WebApi.csproj", "{29102441-3FB8-40C0-8AE8-A24CE7FA4DF7}"
EndProject
Global
	GlobalSection(SolutionConfigurationPlatforms) = preSolution
		Debug|Any CPU = Debug|Any CPU
		Debug|x64 = Debug|x64
		Debug|x86 = Debug|x86
		Release|Any CPU = Release|Any CPU
		Release|x64 = Release|x64
		Release|x86 = Release|x86
	EndGlobalSection
	GlobalSection(ProjectConfigurationPlatforms) = postSolution
		{97D63636-70FB-4C43-90B3-FA13B408BF99}.Debug|Any CPU.ActiveCfg = Debug|Any CPU
		{97D63636-70FB-4C43-90B3-FA13B408BF99}.Debug|Any CPU.Build.0 = Debug|Any CPU
		{97D63636-70FB-4C43-90B3-FA13B408BF99}.Debug|x64.ActiveCfg = Debug|Any CPU
		{97D63636-70FB-4C43-90B3-FA13B408BF99}.Debug|x64.Build.0 = Debug|Any CPU
		{97D63636-70FB-4C43-90B3-FA13B408BF99}.Debug|x86.ActiveCfg = Debug|Any CPU
		{97D63636-70FB-4C43-90B3-FA13B408BF99}.Debug|x86.Build.0 = Debug|Any CPU
		{97D63636-70FB-4C43-90B3-FA13B408BF99}.Release|Any CPU.ActiveCfg = Release|Any CPU
		{97D63636-70FB-4C43-90B3-FA13B408BF99}.Release|Any CPU.Build.0 = Release|Any CPU
		{97D63636-70FB-4C43-90B3-FA13B408BF99}.Release|x64.ActiveCfg = Release|Any CPU
		{97D63636-70FB-4C43-90B3-FA13B408BF99}.Release|x64.Build.0 = Release|Any CPU
		{97D63636-70FB-4C43-90B3-FA13B408BF99}.Release|x86.ActiveCfg = Release|Any CPU
		{97D63636-70FB-4C43-90B3-FA13B408BF99}.Release|x86.Build.0 = Release|Any CPU
		{BC1D1F0E-7ABB-417F-8E9F-9F8FE9BC54A6}.Debug|Any CPU.ActiveCfg = Debug|Any CPU
		{BC1D1F0E-7ABB-417F-8E9F-9F8FE9BC54A6}.Debug|Any CPU.Build.0 = Debug|Any CPU
		{BC1D1F0E-7ABB-417F-8E9F-9F8FE9BC54A6}.Debug|x64.ActiveCfg = Debug|Any CPU
		{BC1D1F0E-7ABB-417F-8E9F-9F8FE9BC54A6}.Debug|x64.Build.0 = Debug|Any CPU
		{BC1D1F0E-7ABB-417F-8E9F-9F8FE9BC54A6}.Debug|x86.ActiveCfg = Debug|Any CPU
		{BC1D1F0E-7ABB-417F-8E9F-9F8FE9BC54A6}.Debug|x86.Build.0 = Debug|Any CPU
		{BC1D1F0E-7ABB-417F-8E9F-9F8FE9BC54A6}.Release|Any CPU.ActiveCfg = Release|Any CPU
		{BC1D1F0E-7ABB-417F-8E9F-9F8FE9BC54A6}.Release|Any CPU.Build.0 = Release|Any CPU
		{BC1D1F0E-7ABB-417F-8E9F-9F8FE9BC54A6}.Release|x64.ActiveCfg = Release|Any CPU
		{BC1D1F0E-7ABB-417F-8E9F-9F8FE9BC54A6}.Release|x64.Build.0 = Release|Any CPU
		{BC1D1F0E-7ABB-417F-8E9F-9F8FE9BC54A6}.Release|x86.ActiveCfg = Release|Any CPU
		{BC1D1F0E-7ABB-417F-8E9F-9F8FE9BC54A6}.Release|x86.Build.0 = Release|Any CPU
		{EEF2A878-A2C1-4651-BFA4-0DD62FA688CC}.Debug|Any CPU.ActiveCfg = Debug|Any CPU
		{EEF2A878-A2C1-4651-BFA4-0DD62FA688CC}.Debug|Any CPU.Build.0 = Debug|Any CPU
		{EEF2A878-A2C1-4651-BFA4-0DD62FA688CC}.Debug|x64.ActiveCfg = Debug|Any CPU
		{EEF2A878-A2C1-4651-BFA4-0DD62FA688CC}.Debug|x64.Build.0 = Debug|Any CPU
		{EEF2A878-A2C1-4651-BFA4-0DD62FA688CC}.Debug|x86.ActiveCfg = Debug|Any CPU
		{EEF2A878-A2C1-4651-BFA4-0DD62FA688CC}.Debug|x86.Build.0 = Debug|Any CPU
		{EEF2A878-A2C1-4651-BFA4-0DD62FA688CC}.Release|Any CPU.ActiveCfg = Release|Any CPU
		{EEF2A878-A2C1-4651-BFA4-0DD62FA688CC}.Release|Any CPU.Build.0 = Release|Any CPU
		{EEF2A878-A2C1-4651-BFA4-0DD62FA688CC}.Release|x64.ActiveCfg = Release|Any CPU
		{EEF2A878-A2C1-4651-BFA4-0DD62FA688CC}.Release|x64.Build.0 = Release|Any CPU
		{EEF2A878-A2C1-4651-BFA4-0DD62FA688CC}.Release|x86.ActiveCfg = Release|Any CPU
		{EEF2A878-A2C1-4651-BFA4-0DD62FA688CC}.Release|x86.Build.0 = Release|Any CPU
		{7F156233-A5FF-44EC-941E-61D47218D1D9}.Debug|Any CPU.ActiveCfg = Debug|Any CPU
		{7F156233-A5FF-44EC-941E-61D47218D1D9}.Debug|Any CPU.Build.0 = Debug|Any CPU
		{7F156233-A5FF-44EC-941E-61D47218D1D9}.Debug|x64.ActiveCfg = Debug|Any CPU
		{7F156233-A5FF-44EC-941E-61D47218D1D9}.Debug|x64.Build.0 = Debug|Any CPU
		{7F156233-A5FF-44EC-941E-61D47218D1D9}.Debug|x86.ActiveCfg = Debug|Any CPU
		{7F156233-A5FF-44EC-941E-61D47218D1D9}.Debug|x86.Build.0 = Debug|Any CPU
		{7F156233-A5FF-44EC-941E-61D47218D1D9}.Release|Any CPU.ActiveCfg = Release|Any CPU
		{7F156233-A5FF-44EC-941E-61D47218D1D9}.Release|Any CPU.Build.0 = Release|Any CPU
		{7F156233-A5FF-44EC-941E-61D47218D1D9}.Release|x64.ActiveCfg = Release|Any CPU
		{7F156233-A5FF-44EC-941E-61D47218D1D9}.Release|x64.Build.0 = Release|Any CPU
		{7F156233-A5FF-44EC-941E-61D47218D1D9}.Release|x86.ActiveCfg = Release|Any CPU
		{7F156233-A5FF-44EC-941E-61D47218D1D9}.Release|x86.Build.0 = Release|Any CPU
		{5E79E3EE-114F-42EE-8D3B-9BAA46497AB9}.Debug|Any CPU.ActiveCfg = Debug|Any CPU
		{5E79E3EE-114F-42EE-8D3B-9BAA46497AB9}.Debug|Any CPU.Build.0 = Debug|Any CPU
		{5E79E3EE-114F-42EE-8D3B-9BAA46497AB9}.Debug|x64.ActiveCfg = Debug|Any CPU
		{5E79E3EE-114F-42EE-8D3B-9BAA46497AB9}.Debug|x64.Build.0 = Debug|Any CPU
		{5E79E3EE-114F-42EE-8D3B-9BAA46497AB9}.Debug|x86.ActiveCfg = Debug|Any CPU
		{5E79E3EE-114F-42EE-8D3B-9BAA46497AB9}.Debug|x86.Build.0 = Debug|Any CPU
		{5E79E3EE-114F-42EE-8D3B-9BAA46497AB9}.Release|Any CPU.ActiveCfg = Release|Any CPU
		{5E79E3EE-114F-42EE-8D3B-9BAA46497AB9}.Release|Any CPU.Build.0 = Release|Any CPU
		{5E79E3EE-114F-42EE-8D3B-9BAA46497AB9}.Release|x64.ActiveCfg = Release|Any CPU
		{5E79E3EE-114F-42EE-8D3B-9BAA46497AB9}.Release|x64.Build.0 = Release|Any CPU
		{5E79E3EE-114F-42EE-8D3B-9BAA46497AB9}.Release|x86.ActiveCfg = Release|Any CPU
		{5E79E3EE-114F-42EE-8D3B-9BAA46497AB9}.Release|x86.Build.0 = Release|Any CPU
		{423103E1-0B8A-4C46-BDE0-5058E349D55C}.Debug|Any CPU.ActiveCfg = Debug|Any CPU
		{423103E1-0B8A-4C46-BDE0-5058E349D55C}.Debug|Any CPU.Build.0 = Debug|Any CPU
		{423103E1-0B8A-4C46-BDE0-5058E349D55C}.Debug|x64.ActiveCfg = Debug|Any CPU
		{423103E1-0B8A-4C46-BDE0-5058E349D55C}.Debug|x64.Build.0 = Debug|Any CPU
		{423103E1-0B8A-4C46-BDE0-5058E349D55C}.Debug|x86.ActiveCfg = Debug|Any CPU
		{423103E1-0B8A-4C46-BDE0-5058E349D55C}.Debug|x86.Build.0 = Debug|Any CPU
		{423103E1-0B8A-4C46-BDE0-5058E349D55C}.Release|Any CPU.ActiveCfg = Release|Any CPU
		{423103E1-0B8A-4C46-BDE0-5058E349D55C}.Release|Any CPU.Build.0 = Release|Any CPU
		{423103E1-0B8A-4C46-BDE0-5058E349D55C}.Release|x64.ActiveCfg = Release|Any CPU
		{423103E1-0B8A-4C46-BDE0-5058E349D55C}.Release|x64.Build.0 = Release|Any CPU
		{423103E1-0B8A-4C46-BDE0-5058E349D55C}.Release|x86.ActiveCfg = Release|Any CPU
		{423103E1-0B8A-4C46-BDE0-5058E349D55C}.Release|x86.Build.0 = Release|Any CPU
		{CF8AC0D1-92FF-4316-AAAF-28650B421423}.Debug|Any CPU.ActiveCfg = Debug|Any CPU
		{CF8AC0D1-92FF-4316-AAAF-28650B421423}.Debug|Any CPU.Build.0 = Debug|Any CPU
		{CF8AC0D1-92FF-4316-AAAF-28650B421423}.Debug|x64.ActiveCfg = Debug|Any CPU
		{CF8AC0D1-92FF-4316-AAAF-28650B421423}.Debug|x64.Build.0 = Debug|Any CPU
		{CF8AC0D1-92FF-4316-AAAF-28650B421423}.Debug|x86.ActiveCfg = Debug|Any CPU
		{CF8AC0D1-92FF-4316-AAAF-28650B421423}.Debug|x86.Build.0 = Debug|Any CPU
		{CF8AC0D1-92FF-4316-AAAF-28650B421423}.Release|Any CPU.ActiveCfg = Release|Any CPU
		{CF8AC0D1-92FF-4316-AAAF-28650B421423}.Release|Any CPU.Build.0 = Release|Any CPU
		{CF8AC0D1-92FF-4316-AAAF-28650B421423}.Release|x64.ActiveCfg = Release|Any CPU
		{CF8AC0D1-92FF-4316-AAAF-28650B421423}.Release|x64.Build.0 = Release|Any CPU
		{CF8AC0D1-92FF-4316-AAAF-28650B421423}.Release|x86.ActiveCfg = Release|Any CPU
		{CF8AC0D1-92FF-4316-AAAF-28650B421423}.Release|x86.Build.0 = Release|Any CPU
		{29102441-3FB8-40C0-8AE8-A24CE7FA4DF7}.Debug|Any CPU.ActiveCfg = Debug|Any CPU
		{29102441-3FB8-40C0-8AE8-A24CE7FA4DF7}.Debug|Any CPU.Build.0 = Debug|Any CPU
		{29102441-3FB8-40C0-8AE8-A24CE7FA4DF7}.Debug|x64.ActiveCfg = Debug|Any CPU
		{29102441-3FB8-40C0-8AE8-A24CE7FA4DF7}.Debug|x64.Build.0 = Debug|Any CPU
		{29102441-3FB8-40C0-8AE8-A24CE7FA4DF7}.Debug|x86.ActiveCfg = Debug|Any CPU
		{29102441-3FB8-40C0-8AE8-A24CE7FA4DF7}.Debug|x86.Build.0 = Debug|Any CPU
		{29102441-3FB8-40C0-8AE8-A24CE7FA4DF7}.Release|Any CPU.ActiveCfg = Release|Any CPU
		{29102441-3FB8-40C0-8AE8-A24CE7FA4DF7}.Release|Any CPU.Build.0 = Release|Any CPU
		{29102441-3FB8-40C0-8AE8-A24CE7FA4DF7}.Release|x64.ActiveCfg = Release|Any CPU
		{29102441-3FB8-40C0-8AE8-A24CE7FA4DF7}.Release|x64.Build.0 = Release|Any CPU
		{29102441-3FB8-40C0-8AE8-A24CE7FA4DF7}.Release|x86.ActiveCfg = Release|Any CPU
		{29102441-3FB8-40C0-8AE8-A24CE7FA4DF7}.Release|x86.Build.0 = Release|Any CPU
	EndGlobalSection
	GlobalSection(SolutionProperties) = preSolution
		HideSolutionNode = FALSE
	EndGlobalSection
	GlobalSection(NestedProjects) = preSolution
		{423103E1-0B8A-4C46-BDE0-5058E349D55C} = {F41EA163-AA3C-4C6C-AB32-4F4897E49315}
		{CF8AC0D1-92FF-4316-AAAF-28650B421423} = {F41EA163-AA3C-4C6C-AB32-4F4897E49315}
		{BC1D1F0E-7ABB-417F-8E9F-9F8FE9BC54A6} = {70719BB9-CADB-4D5E-8ED6-6573AEC4283B}
		{5E79E3EE-114F-42EE-8D3B-9BAA46497AB9} = {70719BB9-CADB-4D5E-8ED6-6573AEC4283B}
		{7F156233-A5FF-44EC-941E-61D47218D1D9} = {590A7241-A329-4C37-A4F2-1CE0A0C9A033}
		{EEF2A878-A2C1-4651-BFA4-0DD62FA688CC} = {590A7241-A329-4C37-A4F2-1CE0A0C9A033}
		{97D63636-70FB-4C43-90B3-FA13B408BF99} = {590A7241-A329-4C37-A4F2-1CE0A0C9A033}
		{29102441-3FB8-40C0-8AE8-A24CE7FA4DF7} = {590A7241-A329-4C37-A4F2-1CE0A0C9A033}
	EndGlobalSection
	GlobalSection(ExtensibilityGlobals) = postSolution
		SolutionGuid = {55869A12-5579-41DC-9D81-7948D7FA6E67}
	EndGlobalSection
EndGlobal
